
Microsoft Visual Studio Solution File, Format Version 11.00
# Visual Studio 2010
Project("{FAE04EC0-301F-11D3-BF4B-00C04F79EFBC}") = "PyramidPanic", "PyramidPanic\PyramidPanic\PyramidPanic.csproj", "{A485113B-1489-483F-8C03-A3B94C8EDE2F}"
EndProject
Project("{96E2B04D-8817-42C6-938A-82C39BA4D311}") = "PyramidPanicContent", "PyramidPanic\PyramidPanicContent\PyramidPanicContent.contentproj", "{9345E99B-D32D-49C9-89C9-E6356AA6CF07}"
EndProject
Global
	GlobalSection(SolutionConfigurationPlatforms) = preSolution
		Debug|x86 = Debug|x86
		Release|x86 = Release|x86
	EndGlobalSection
	GlobalSection(ProjectConfigurationPlatforms) = postSolution
		{A485113B-1489-483F-8C03-A3B94C8EDE2F}.Debug|x86.ActiveCfg = Debug|x86
		{A485113B-1489-483F-8C03-A3B94C8EDE2F}.Debug|x86.Build.0 = Debug|x86
		{A485113B-1489-483F-8C03-A3B94C8EDE2F}.Release|x86.ActiveCfg = Release|x86
		{A485113B-1489-483F-8C03-A3B94C8EDE2F}.Release|x86.Build.0 = Release|x86
		{9345E99B-D32D-49C9-89C9-E6356AA6CF07}.Debug|x86.ActiveCfg = Debug|x86
		{9345E99B-D32D-49C9-89C9-E6356AA6CF07}.Release|x86.ActiveCfg = Release|x86
	EndGlobalSection
	GlobalSection(SolutionProperties) = preSolution
		HideSolutionNode = FALSE
	EndGlobalSection
EndGlobal
